
Microsoft Visual Studio Solution File, Format Version 12.00
Project("{FAE04EC0-301F-11D3-BF4B-00C04F79EFBC}") = "AdoPipelineTest.Lib", "AdoPipelineTest.Lib\AdoPipelineTest.Lib.csproj", "{30D2F184-EF85-4F57-A22A-350E6C77CB9E}"
EndProject
Project("{FAE04EC0-301F-11D3-BF4B-00C04F79EFBC}") = "AdoPipelineTest.Samples", "AdoPipelineTest.Samples\AdoPipelineTest.Samples.csproj", "{951B65A4-F897-4965-B612-1C79722AB503}"
EndProject
Project("{FAE04EC0-301F-11D3-BF4B-00C04F79EFBC}") = "AdoPipelineTest.Nunit", "AdoPipelineTest.Nunit\AdoPipelineTest.Nunit.csproj", "{E10E2A0D-9FF7-4F43-8B7B-1C078B50B0B5}"
EndProject
Project("{FAE04EC0-301F-11D3-BF4B-00C04F79EFBC}") = "AdoPipelineTest.UnitTests", "AdoPipelineTest.UnitTests\AdoPipelineTest.UnitTests.csproj", "{47655A1F-3117-42F8-A46C-A9048D2E92DE}"
EndProject
Project("{FAE04EC0-301F-11D3-BF4B-00C04F79EFBC}") = "AdoPipelineTest.Mstest", "AdoPipelineTest.Mstest\AdoPipelineTest.Mstest.csproj", "{8D9497A7-991D-4773-B9CD-D93B90C4CAC5}"
EndProject
Project("{2150E333-8FDC-42A3-9474-1A3956D46DE8}") = "AI Instructions", "AI Instructions", "{D4A5E4F1-8F5C-4B5F-9A8F-3E5C8F5C4B5F}"
	ProjectSection(SolutionItems) = preProject
		.ai\context.md = .ai\context.md
		.continue\rules.md = .continue\rules.md
		.github\copilot-instructions.md = .github\copilot-instructions.md
		.jb\ai-assistant-rules.md = .jb\ai-assistant-rules.md
	EndProjectSection
EndProject
Project("{2150E333-8FDC-42A3-9474-1A3956D46DE8}") = "Documentation", "Documentation", "{0851D998-ADAC-4DE4-9870-1DE25A1A8A07}"
	ProjectSection(SolutionItems) = preProject
		README.md = README.md
		EXAMPLES.md = EXAMPLES.md
		CONTRIBUTING.md = CONTRIBUTING.md
		ARCHITECTURE.md = ARCHITECTURE.md
		LICENSE = LICENSE
	EndProjectSection
EndProject
Global
	GlobalSection(SolutionConfigurationPlatforms) = preSolution
		Debug|Any CPU = Debug|Any CPU
		Release|Any CPU = Release|Any CPU
	EndGlobalSection
	GlobalSection(ProjectConfigurationPlatforms) = postSolution
		{30D2F184-EF85-4F57-A22A-350E6C77CB9E}.Debug|Any CPU.ActiveCfg = Debug|Any CPU
		{30D2F184-EF85-4F57-A22A-350E6C77CB9E}.Debug|Any CPU.Build.0 = Debug|Any CPU
		{30D2F184-EF85-4F57-A22A-350E6C77CB9E}.Release|Any CPU.ActiveCfg = Release|Any CPU
		{30D2F184-EF85-4F57-A22A-350E6C77CB9E}.Release|Any CPU.Build.0 = Release|Any CPU
		{951B65A4-F897-4965-B612-1C79722AB503}.Debug|Any CPU.ActiveCfg = Debug|Any CPU
		{951B65A4-F897-4965-B612-1C79722AB503}.Debug|Any CPU.Build.0 = Debug|Any CPU
		{951B65A4-F897-4965-B612-1C79722AB503}.Release|Any CPU.ActiveCfg = Release|Any CPU
		{951B65A4-F897-4965-B612-1C79722AB503}.Release|Any CPU.Build.0 = Release|Any CPU
		{E10E2A0D-9FF7-4F43-8B7B-1C078B50B0B5}.Debug|Any CPU.ActiveCfg = Debug|Any CPU
		{E10E2A0D-9FF7-4F43-8B7B-1C078B50B0B5}.Debug|Any CPU.Build.0 = Debug|Any CPU
		{E10E2A0D-9FF7-4F43-8B7B-1C078B50B0B5}.Release|Any CPU.ActiveCfg = Release|Any CPU
		{E10E2A0D-9FF7-4F43-8B7B-1C078B50B0B5}.Release|Any CPU.Build.0 = Release|Any CPU
		{47655A1F-3117-42F8-A46C-A9048D2E92DE}.Debug|Any CPU.ActiveCfg = Debug|Any CPU
		{47655A1F-3117-42F8-A46C-A9048D2E92DE}.Debug|Any CPU.Build.0 = Debug|Any CPU
		{47655A1F-3117-42F8-A46C-A9048D2E92DE}.Release|Any CPU.ActiveCfg = Release|Any CPU
		{47655A1F-3117-42F8-A46C-A9048D2E92DE}.Release|Any CPU.Build.0 = Release|Any CPU
		{8D9497A7-991D-4773-B9CD-D93B90C4CAC5}.Debug|Any CPU.ActiveCfg = Debug|Any CPU
		{8D9497A7-991D-4773-B9CD-D93B90C4CAC5}.Debug|Any CPU.Build.0 = Debug|Any CPU
		{8D9497A7-991D-4773-B9CD-D93B90C4CAC5}.Release|Any CPU.ActiveCfg = Release|Any CPU
		{8D9497A7-991D-4773-B9CD-D93B90C4CAC5}.Release|Any CPU.Build.0 = Release|Any CPU
	EndGlobalSection
EndGlobal
